
Microsoft Visual Studio Solution File, Format Version 12.00
# Visual Studio Version 17
VisualStudioVersion = 17.3.32825.248
MinimumVisualStudioVersion = 10.0.40219.1
Project("{FAE04EC0-301F-11D3-BF4B-00C04F79EFBC}") = "zebraCross", "zebraCross\zebraCross.csproj", "{7E4D8BC1-05CC-4B86-81B8-5DF6ED7D9946}"
EndProject
Global
	GlobalSection(SolutionConfigurationPlatforms) = preSolution
		Debug|Any CPU = Debug|Any CPU
		Release|Any CPU = Release|Any CPU
	EndGlobalSection
	GlobalSection(ProjectConfigurationPlatforms) = postSolution
		{7E4D8BC1-05CC-4B86-81B8-5DF6ED7D9946}.Debug|Any CPU.ActiveCfg = Debug|Any CPU
		{7E4D8BC1-05CC-4B86-81B8-5DF6ED7D9946}.Debug|Any CPU.Build.0 = Debug|Any CPU
		{7E4D8BC1-05CC-4B86-81B8-5DF6ED7D9946}.Release|Any CPU.ActiveCfg = Release|Any CPU
		{7E4D8BC1-05CC-4B86-81B8-5DF6ED7D9946}.Release|Any CPU.Build.0 = Release|Any CPU
	EndGlobalSection
	GlobalSection(SolutionProperties) = preSolution
		HideSolutionNode = FALSE
	EndGlobalSection
	GlobalSection(ExtensibilityGlobals) = postSolution
		SolutionGuid = {08324D1E-3E57-40C3-9E64-7391062B47B0}
	EndGlobalSection
EndGlobal
